<?xml version="1.0" encoding="utf-8"?>
<Project ToolsVersion="4.0" xmlns="http://schemas.microsoft.com/developer/msbuild/2003">
  <ItemGroup>
    <FxCompile Include="VertexShader.hlsl">
      <Filter>Others</Filter>
    </FxCompile>
    <FxCompile Include="DefGeometryShader.hlsl">
      <Filter>Others</Filter>
    </FxCompile>
    <FxCompile Include="DefPixelShader.hlsl">
      <Filter>Others</Filter>
    </FxCompile>
    <FxCompile Include="DefVertexShader.hlsl">
      <Filter>Others</Filter>
    </FxCompile>
    <FxCompile Include="GeometryShader.hlsl">
      <Filter>Others</Filter>
    </FxCompile>
    <FxCompile Include="LightPixelShader.hlsl">
      <Filter>Others</Filter>
    </FxCompile>
    <FxCompile Include="LightVertexShader.hlsl">
      <Filter>Others</Filter>
    </FxCompile>
    <FxCompile Include="PixelShader.hlsl">
      <Filter>Others</Filter>
    </FxCompile>
  </ItemGroup>
  <ItemGroup>
    <ClCompile Include="DeferredHandler.cpp">
      <Filter>Definitions</Filter>
    </ClCompile>
    <ClCompile Include="Camera.cpp">
      <Filter>Definitions</Filter>
    </ClCompile>
    <ClCompile Include="D2Object.cpp">
      <Filter>Definitions</Filter>
    </ClCompile>
    <ClCompile Include="D3DClass.cpp">
      <Filter>Definitions</Filter>
    </ClCompile>
    <ClCompile Include="D3Object.cpp">
      <Filter>Definitions</Filter>
    </ClCompile>
    <ClCompile Include="DeferredBuffer.cpp">
      <Filter>Definitions</Filter>
    </ClCompile>
    <ClCompile Include="FPSHandler.cpp">
      <Filter>Definitions</Filter>
    </ClCompile>
    <ClCompile Include="Frustrum.cpp">
      <Filter>Definitions</Filter>
    </ClCompile>
    <ClCompile Include="GraphicsHandler.cpp">
      <Filter>Definitions</Filter>
    </ClCompile>
    <ClCompile Include="HeightMap.cpp">
      <Filter>Definitions</Filter>
    </ClCompile>
    <ClCompile Include="InputHandler.cpp">
      <Filter>Definitions</Filter>
    </ClCompile>
    <ClCompile Include="LightShader.cpp">
      <Filter>Definitions</Filter>
    </ClCompile>
    <ClCompile Include="main.cpp">
      <Filter>Definitions</Filter>
    </ClCompile>
    <ClCompile Include="ObjectFactory.cpp">
      <Filter>Definitions</Filter>
    </ClCompile>
    <ClCompile Include="pch.cpp">
      <Filter>Definitions</Filter>
    </ClCompile>
    <ClCompile Include="QuadModel.cpp">
      <Filter>Definitions</Filter>
    </ClCompile>
    <ClCompile Include="QuadTree.cpp">
      <Filter>Definitions</Filter>
    </ClCompile>
    <ClCompile Include="ScreenGrab.cpp">
      <Filter>Definitions</Filter>
    </ClCompile>
    <ClCompile Include="System.cpp">
      <Filter>Definitions</Filter>
    </ClCompile>
    <ClCompile Include="TextureObject.cpp">
      <Filter>Definitions</Filter>
    </ClCompile>
    <ClCompile Include="TextureHandler.cpp">
      <Filter>Definitions</Filter>
    </ClCompile>
    <ClCompile Include="Timer.cpp">
      <Filter>Definitions</Filter>
    </ClCompile>
    <ClCompile Include="WICTextureLoader.cpp">
      <Filter>Definitions</Filter>
    </ClCompile>
  </ItemGroup>
  <ItemGroup>
    <ClInclude Include="Camera.h">
      <Filter>Headers</Filter>
    </ClInclude>
    <ClInclude Include="D2Object.h">
      <Filter>Headers</Filter>
    </ClInclude>
    <ClInclude Include="D3DClass.h">
      <Filter>Headers</Filter>
    </ClInclude>
    <ClInclude Include="D3Object.h">
      <Filter>Headers</Filter>
    </ClInclude>
    <ClInclude Include="dds.h">
      <Filter>Headers</Filter>
    </ClInclude>
    <ClInclude Include="DeferredBuffer.h">
      <Filter>Headers</Filter>
    </ClInclude>
    <ClInclude Include="DeferredHandler.h">
      <Filter>Headers</Filter>
    </ClInclude>
    <ClInclude Include="DirectXHelpers.h">
      <Filter>Headers</Filter>
    </ClInclude>
    <ClInclude Include="FPSHandler.h">
      <Filter>Headers</Filter>
    </ClInclude>
    <ClInclude Include="Frustrum.h">
      <Filter>Headers</Filter>
    </ClInclude>
    <ClInclude Include="HeightMap.h">
      <Filter>Headers</Filter>
    </ClInclude>
    <ClInclude Include="GraphicsHandler.h">
      <Filter>Headers</Filter>
    </ClInclude>
    <ClInclude Include="InputHandler.h">
      <Filter>Headers</Filter>
    </ClInclude>
    <ClInclude Include="LightShader.h">
      <Filter>Headers</Filter>
    </ClInclude>
    <ClInclude Include="ObjectFactory.h">
      <Filter>Headers</Filter>
    </ClInclude>
    <ClInclude Include="PlatformHelpers.h">
      <Filter>Headers</Filter>
    </ClInclude>
    <ClInclude Include="QuadModel.h">
      <Filter>Headers</Filter>
    </ClInclude>
    <ClInclude Include="QuadTree.h">
      <Filter>Headers</Filter>
    </ClInclude>
    <ClInclude Include="resource.h">
      <Filter>Headers</Filter>
    </ClInclude>
    <ClInclude Include="ScreenGrab.h">
      <Filter>Headers</Filter>
    </ClInclude>
    <ClInclude Include="SimpleMath.h">
      <Filter>Headers</Filter>
    </ClInclude>
    <ClInclude Include="StructLibrary.h">
      <Filter>Headers</Filter>
    </ClInclude>
    <ClInclude Include="System.h">
      <Filter>Headers</Filter>
    </ClInclude>
    <ClInclude Include="TextureHandler.h">
      <Filter>Headers</Filter>
    </ClInclude>
    <ClInclude Include="TextureObject.h">
      <Filter>Headers</Filter>
    </ClInclude>
    <ClInclude Include="Timer.h">
      <Filter>Headers</Filter>
    </ClInclude>
    <ClInclude Include="WICTextureLoader.h">
      <Filter>Headers</Filter>
    </ClInclude>
    <ClInclude Include="pch.h">
      <Filter>Others</Filter>
    </ClInclude>
  </ItemGroup>
  <ItemGroup>
    <None Include="ShaderLibrary.hlsli">
      <Filter>Others</Filter>
    </None>
    <None Include="SimpleMath.inl">
      <Filter>Others</Filter>
    </None>
  </ItemGroup>
  <ItemGroup>
    <Filter Include="Headers">
      <UniqueIdentifier>{0e59e066-ee84-483d-98d1-6e22625f4908}</UniqueIdentifier>
    </Filter>
    <Filter Include="Definitions">
      <UniqueIdentifier>{f870ffcb-2041-4a5e-8071-49ef72b038cf}</UniqueIdentifier>
    </Filter>
    <Filter Include="Others">
      <UniqueIdentifier>{15bf02ee-994a-48ba-b525-8e6f4c7d6784}</UniqueIdentifier>
    </Filter>
  </ItemGroup>
  <ItemGroup>
    <ResourceCompile Include="ProjectDirectX.rc">
      <Filter>Others</Filter>
    </ResourceCompile>
  </ItemGroup>
</Project>